
Microsoft Visual Studio Solution File, Format Version 12.00
# Visual Studio 15
VisualStudioVersion = 15.0.28010.2048
MinimumVisualStudioVersion = 10.0.40219.1
Project("{FAE04EC0-301F-11D3-BF4B-00C04F79EFBC}") = "Team10BookShop", "Team10BookShop\Team10BookShop.csproj", "{06ED2C65-73DD-4084-ACC0-09DFA045BAB3}"
EndProject
Global
	GlobalSection(SolutionConfigurationPlatforms) = preSolution
		Debug|Any CPU = Debug|Any CPU
		Release|Any CPU = Release|Any CPU
	EndGlobalSection
	GlobalSection(ProjectConfigurationPlatforms) = postSolution
		{06ED2C65-73DD-4084-ACC0-09DFA045BAB3}.Debug|Any CPU.ActiveCfg = Debug|Any CPU
		{06ED2C65-73DD-4084-ACC0-09DFA045BAB3}.Debug|Any CPU.Build.0 = Debug|Any CPU
		{06ED2C65-73DD-4084-ACC0-09DFA045BAB3}.Release|Any CPU.ActiveCfg = Release|Any CPU
		{06ED2C65-73DD-4084-ACC0-09DFA045BAB3}.Release|Any CPU.Build.0 = Release|Any CPU
	EndGlobalSection
	GlobalSection(SolutionProperties) = preSolution
		HideSolutionNode = FALSE
	EndGlobalSection
	GlobalSection(ExtensibilityGlobals) = postSolution
		SolutionGuid = {081AE0F8-5B6F-4611-B071-65AC7022E538}
	EndGlobalSection
EndGlobal
